
Microsoft Visual Studio Solution File, Format Version 12.00
# Visual Studio Version 16
VisualStudioVersion = 16.0.31729.503
MinimumVisualStudioVersion = 10.0.40219.1
Project("{FAE04EC0-301F-11D3-BF4B-00C04F79EFBC}") = "sifreleme-islemleri", "sifreleme-islemleri\sifreleme-islemleri.csproj", "{857A588F-3A40-413B-B98A-9D894BC37673}"
EndProject
Global
	GlobalSection(SolutionConfigurationPlatforms) = preSolution
		Debug|Any CPU = Debug|Any CPU
		Release|Any CPU = Release|Any CPU
	EndGlobalSection
	GlobalSection(ProjectConfigurationPlatforms) = postSolution
		{857A588F-3A40-413B-B98A-9D894BC37673}.Debug|Any CPU.ActiveCfg = Debug|Any CPU
		{857A588F-3A40-413B-B98A-9D894BC37673}.Debug|Any CPU.Build.0 = Debug|Any CPU
		{857A588F-3A40-413B-B98A-9D894BC37673}.Release|Any CPU.ActiveCfg = Release|Any CPU
		{857A588F-3A40-413B-B98A-9D894BC37673}.Release|Any CPU.Build.0 = Release|Any CPU
	EndGlobalSection
	GlobalSection(SolutionProperties) = preSolution
		HideSolutionNode = FALSE
	EndGlobalSection
	GlobalSection(ExtensibilityGlobals) = postSolution
		SolutionGuid = {4EC799C9-D62A-4F89-812C-556CC712E3FC}
	EndGlobalSection
EndGlobal
